// !$*UTF8*$!
{
	archiveVersion = 1;
	classes = {
	};
	objectVersion = 50;
	objects = {

/* Begin PBXBuildFile section */
		9F1E7639265C891E0089FE57 /* BlockFaceGeometry.swift in Sources */ = {isa = PBXBuildFile; fileRef = 9F1E7638265C891E0089FE57 /* BlockFaceGeometry.swift */; };
		9F1E763E265C97BF0089FE57 /* BlockGeometry.swift in Sources */ = {isa = PBXBuildFile; fileRef = 9F1E763D265C97BF0089FE57 /* BlockGeometry.swift */; };
		9F1E7644265CA1F70089FE57 /* ChunkGeometry.swift in Sources */ = {isa = PBXBuildFile; fileRef = 9F1E7643265CA1F70089FE57 /* ChunkGeometry.swift */; };
		9F1E7647265CA48F0089FE57 /* Camera.swift in Sources */ = {isa = PBXBuildFile; fileRef = 9F1E7646265CA48F0089FE57 /* Camera.swift */; };
		9F6814CF2644BF9C00A7086E /* Scratch_ClientApp.swift in Sources */ = {isa = PBXBuildFile; fileRef = 9F6814CE2644BF9C00A7086E /* Scratch_ClientApp.swift */; };
		9F6814D12644BF9C00A7086E /* ContentView.swift in Sources */ = {isa = PBXBuildFile; fileRef = 9F6814D02644BF9C00A7086E /* ContentView.swift */; };
		9F6814D32644BFA200A7086E /* Assets.xcassets in Resources */ = {isa = PBXBuildFile; fileRef = 9F6814D22644BFA200A7086E /* Assets.xcassets */; };
		9F6814D62644BFA200A7086E /* Preview Assets.xcassets in Resources */ = {isa = PBXBuildFile; fileRef = 9F6814D52644BFA200A7086E /* Preview Assets.xcassets */; };
		9FF2F86C26598BCF004CE198 /* RenderView.swift in Sources */ = {isa = PBXBuildFile; fileRef = 9FF2F86B26598BCF004CE198 /* RenderView.swift */; };
		9FF2F87026598DD2004CE198 /* RenderWrapper.swift in Sources */ = {isa = PBXBuildFile; fileRef = 9FF2F86F26598DD2004CE198 /* RenderWrapper.swift */; };
		9FF2F87426599F08004CE198 /* WorldRenderer.swift in Sources */ = {isa = PBXBuildFile; fileRef = 9FF2F87326599F08004CE198 /* WorldRenderer.swift */; };
		9FF2F8772659D4F7004CE198 /* shaders.metal in Sources */ = {isa = PBXBuildFile; fileRef = 9FF2F8762659D4F7004CE198 /* shaders.metal */; };
		9FF2F87A2659D6FD004CE198 /* Vertex.swift in Sources */ = {isa = PBXBuildFile; fileRef = 9FF2F8792659D6FD004CE198 /* Vertex.swift */; };
		9FF2F87D2659D739004CE198 /* Temp_Cube.swift in Sources */ = {isa = PBXBuildFile; fileRef = 9FF2F87C2659D739004CE198 /* Temp_Cube.swift */; };
		9FF2F8802659D776004CE198 /* CubeFace.swift in Sources */ = {isa = PBXBuildFile; fileRef = 9FF2F87F2659D776004CE198 /* CubeFace.swift */; };
		9FF2F8832659DA6B004CE198 /* Matrix.swift in Sources */ = {isa = PBXBuildFile; fileRef = 9FF2F8822659DA6B004CE198 /* Matrix.swift */; };
		9FF2F8862659E47F004CE198 /* Temp_Minichunk.swift in Sources */ = {isa = PBXBuildFile; fileRef = 9FF2F8852659E47F004CE198 /* Temp_Minichunk.swift */; };
		9FF2F8892659E498004CE198 /* Geometry.swift in Sources */ = {isa = PBXBuildFile; fileRef = 9FF2F8882659E498004CE198 /* Geometry.swift */; };
/* End PBXBuildFile section */

/* Begin PBXFileReference section */
		9F1E7638265C891E0089FE57 /* BlockFaceGeometry.swift */ = {isa = PBXFileReference; lastKnownFileType = sourcecode.swift; path = BlockFaceGeometry.swift; sourceTree = "<group>"; };
		9F1E763D265C97BF0089FE57 /* BlockGeometry.swift */ = {isa = PBXFileReference; lastKnownFileType = sourcecode.swift; path = BlockGeometry.swift; sourceTree = "<group>"; };
		9F1E7643265CA1F70089FE57 /* ChunkGeometry.swift */ = {isa = PBXFileReference; lastKnownFileType = sourcecode.swift; path = ChunkGeometry.swift; sourceTree = "<group>"; };
		9F1E7646265CA48F0089FE57 /* Camera.swift */ = {isa = PBXFileReference; lastKnownFileType = sourcecode.swift; path = Camera.swift; sourceTree = "<group>"; };
		9F6814CB2644BF9C00A7086E /* Scratch Client.app */ = {isa = PBXFileReference; explicitFileType = wrapper.application; includeInIndex = 0; path = "Scratch Client.app"; sourceTree = BUILT_PRODUCTS_DIR; };
		9F6814CE2644BF9C00A7086E /* Scratch_ClientApp.swift */ = {isa = PBXFileReference; lastKnownFileType = sourcecode.swift; path = Scratch_ClientApp.swift; sourceTree = "<group>"; };
		9F6814D02644BF9C00A7086E /* ContentView.swift */ = {isa = PBXFileReference; lastKnownFileType = sourcecode.swift; path = ContentView.swift; sourceTree = "<group>"; };
		9F6814D22644BFA200A7086E /* Assets.xcassets */ = {isa = PBXFileReference; lastKnownFileType = folder.assetcatalog; path = Assets.xcassets; sourceTree = "<group>"; };
		9F6814D52644BFA200A7086E /* Preview Assets.xcassets */ = {isa = PBXFileReference; lastKnownFileType = folder.assetcatalog; path = "Preview Assets.xcassets"; sourceTree = "<group>"; };
		9F6814D72644BFA200A7086E /* Info.plist */ = {isa = PBXFileReference; lastKnownFileType = text.plist.xml; path = Info.plist; sourceTree = "<group>"; };
		9F6814D82644BFA200A7086E /* Scratch_Client.entitlements */ = {isa = PBXFileReference; lastKnownFileType = text.plist.entitlements; path = Scratch_Client.entitlements; sourceTree = "<group>"; };
		9FF2F86B26598BCF004CE198 /* RenderView.swift */ = {isa = PBXFileReference; lastKnownFileType = sourcecode.swift; path = RenderView.swift; sourceTree = "<group>"; };
		9FF2F86F26598DD2004CE198 /* RenderWrapper.swift */ = {isa = PBXFileReference; lastKnownFileType = sourcecode.swift; path = RenderWrapper.swift; sourceTree = "<group>"; };
		9FF2F87326599F08004CE198 /* WorldRenderer.swift */ = {isa = PBXFileReference; lastKnownFileType = sourcecode.swift; path = WorldRenderer.swift; sourceTree = "<group>"; };
		9FF2F8762659D4F7004CE198 /* shaders.metal */ = {isa = PBXFileReference; lastKnownFileType = sourcecode.metal; path = shaders.metal; sourceTree = "<group>"; };
		9FF2F8792659D6FD004CE198 /* Vertex.swift */ = {isa = PBXFileReference; lastKnownFileType = sourcecode.swift; path = Vertex.swift; sourceTree = "<group>"; };
		9FF2F87C2659D739004CE198 /* Temp_Cube.swift */ = {isa = PBXFileReference; lastKnownFileType = sourcecode.swift; path = Temp_Cube.swift; sourceTree = "<group>"; };
		9FF2F87F2659D776004CE198 /* CubeFace.swift */ = {isa = PBXFileReference; lastKnownFileType = sourcecode.swift; path = CubeFace.swift; sourceTree = "<group>"; };
		9FF2F8822659DA6B004CE198 /* Matrix.swift */ = {isa = PBXFileReference; lastKnownFileType = sourcecode.swift; path = Matrix.swift; sourceTree = "<group>"; };
		9FF2F8852659E47F004CE198 /* Temp_Minichunk.swift */ = {isa = PBXFileReference; lastKnownFileType = sourcecode.swift; path = Temp_Minichunk.swift; sourceTree = "<group>"; };
		9FF2F8882659E498004CE198 /* Geometry.swift */ = {isa = PBXFileReference; lastKnownFileType = sourcecode.swift; path = Geometry.swift; sourceTree = "<group>"; };
/* End PBXFileReference section */

/* Begin PBXFrameworksBuildPhase section */
		9F6814C82644BF9C00A7086E /* Frameworks */ = {
			isa = PBXFrameworksBuildPhase;
			buildActionMask = 2147483647;
			files = (
			);
			runOnlyForDeploymentPostprocessing = 0;
		};
/* End PBXFrameworksBuildPhase section */

/* Begin PBXGroup section */
		9F1E761A265C73110089FE57 /* Geometries */ = {
			isa = PBXGroup;
			children = (
				9F1E7641265C9AB10089FE57 /* Temp */,
				9FF2F8882659E498004CE198 /* Geometry.swift */,
				9FF2F8792659D6FD004CE198 /* Vertex.swift */,
				9F1E7638265C891E0089FE57 /* BlockFaceGeometry.swift */,
				9F1E763D265C97BF0089FE57 /* BlockGeometry.swift */,
				9F1E7643265CA1F70089FE57 /* ChunkGeometry.swift */,
				9FF2F87F2659D776004CE198 /* CubeFace.swift */,
			);
			path = Geometries;
			sourceTree = "<group>";
		};
		9F1E7641265C9AB10089FE57 /* Temp */ = {
			isa = PBXGroup;
			children = (
				9FF2F87C2659D739004CE198 /* Temp_Cube.swift */,
				9FF2F8852659E47F004CE198 /* Temp_Minichunk.swift */,
			);
			path = Temp;
			sourceTree = "<group>";
		};
		9F6814C22644BF9C00A7086E = {
			isa = PBXGroup;
			children = (
				9F6814CD2644BF9C00A7086E /* Scratch Client */,
				9F6814CC2644BF9C00A7086E /* Products */,
			);
			sourceTree = "<group>";
		};
		9F6814CC2644BF9C00A7086E /* Products */ = {
			isa = PBXGroup;
			children = (
				9F6814CB2644BF9C00A7086E /* Scratch Client.app */,
			);
			name = Products;
			sourceTree = "<group>";
		};
		9F6814CD2644BF9C00A7086E /* Scratch Client */ = {
			isa = PBXGroup;
			children = (
				9F6814CE2644BF9C00A7086E /* Scratch_ClientApp.swift */,
				9F6814D02644BF9C00A7086E /* ContentView.swift */,
				9FF2F86A26598BC3004CE198 /* Render */,
				9F6814D22644BFA200A7086E /* Assets.xcassets */,
				9F6814D72644BFA200A7086E /* Info.plist */,
				9F6814D82644BFA200A7086E /* Scratch_Client.entitlements */,
				9F6814D42644BFA200A7086E /* Preview Content */,
			);
			path = "Scratch Client";
			sourceTree = "<group>";
		};
		9F6814D42644BFA200A7086E /* Preview Content */ = {
			isa = PBXGroup;
			children = (
				9F6814D52644BFA200A7086E /* Preview Assets.xcassets */,
			);
			path = "Preview Content";
			sourceTree = "<group>";
		};
		9FF2F86A26598BC3004CE198 /* Render */ = {
			isa = PBXGroup;
			children = (
				9F1E761A265C73110089FE57 /* Geometries */,
				9FF2F86B26598BCF004CE198 /* RenderView.swift */,
				9FF2F86F26598DD2004CE198 /* RenderWrapper.swift */,
				9FF2F87326599F08004CE198 /* WorldRenderer.swift */,
				9FF2F8822659DA6B004CE198 /* Matrix.swift */,
				9F1E7646265CA48F0089FE57 /* Camera.swift */,
				9FF2F8762659D4F7004CE198 /* shaders.metal */,
			);
			path = Render;
			sourceTree = "<group>";
		};
/* End PBXGroup section */

/* Begin PBXNativeTarget section */
		9F6814CA2644BF9C00A7086E /* Scratch Client */ = {
			isa = PBXNativeTarget;
			buildConfigurationList = 9F6814DB2644BFA200A7086E /* Build configuration list for PBXNativeTarget "Scratch Client" */;
			buildPhases = (
				9F6814C72644BF9C00A7086E /* Sources */,
				9F6814C82644BF9C00A7086E /* Frameworks */,
				9F6814C92644BF9C00A7086E /* Resources */,
			);
			buildRules = (
			);
			dependencies = (
			);
			name = "Scratch Client";
			productName = "Scratch Client";
			productReference = 9F6814CB2644BF9C00A7086E /* Scratch Client.app */;
			productType = "com.apple.product-type.application";
		};
/* End PBXNativeTarget section */

/* Begin PBXProject section */
		9F6814C32644BF9C00A7086E /* Project object */ = {
			isa = PBXProject;
			attributes = {
				LastSwiftUpdateCheck = 1240;
				LastUpgradeCheck = 1240;
				TargetAttributes = {
					9F6814CA2644BF9C00A7086E = {
						CreatedOnToolsVersion = 12.4;
					};
				};
			};
			buildConfigurationList = 9F6814C62644BF9C00A7086E /* Build configuration list for PBXProject "Scratch Client" */;
			compatibilityVersion = "Xcode 9.3";
			developmentRegion = en;
			hasScannedForEncodings = 0;
			knownRegions = (
				en,
				Base,
			);
			mainGroup = 9F6814C22644BF9C00A7086E;
			productRefGroup = 9F6814CC2644BF9C00A7086E /* Products */;
			projectDirPath = "";
			projectRoot = "";
			targets = (
				9F6814CA2644BF9C00A7086E /* Scratch Client */,
			);
		};
/* End PBXProject section */

/* Begin PBXResourcesBuildPhase section */
		9F6814C92644BF9C00A7086E /* Resources */ = {
			isa = PBXResourcesBuildPhase;
			buildActionMask = 2147483647;
			files = (
				9F6814D62644BFA200A7086E /* Preview Assets.xcassets in Resources */,
				9F6814D32644BFA200A7086E /* Assets.xcassets in Resources */,
			);
			runOnlyForDeploymentPostprocessing = 0;
		};
/* End PBXResourcesBuildPhase section */

/* Begin PBXSourcesBuildPhase section */
		9F6814C72644BF9C00A7086E /* Sources */ = {
			isa = PBXSourcesBuildPhase;
			buildActionMask = 2147483647;
			files = (
				9F1E7647265CA48F0089FE57 /* Camera.swift in Sources */,
				9FF2F87426599F08004CE198 /* WorldRenderer.swift in Sources */,
				9F1E763E265C97BF0089FE57 /* BlockGeometry.swift in Sources */,
				9F6814D12644BF9C00A7086E /* ContentView.swift in Sources */,
				9FF2F8862659E47F004CE198 /* Temp_Minichunk.swift in Sources */,
				9FF2F8892659E498004CE198 /* Geometry.swift in Sources */,
				9FF2F8772659D4F7004CE198 /* shaders.metal in Sources */,
				9F1E7644265CA1F70089FE57 /* ChunkGeometry.swift in Sources */,
				9F6814CF2644BF9C00A7086E /* Scratch_ClientApp.swift in Sources */,
				9F1E7639265C891E0089FE57 /* BlockFaceGeometry.swift in Sources */,
				9FF2F87026598DD2004CE198 /* RenderWrapper.swift in Sources */,
				9FF2F87A2659D6FD004CE198 /* Vertex.swift in Sources */,
				9FF2F8832659DA6B004CE198 /* Matrix.swift in Sources */,
				9FF2F87D2659D739004CE198 /* Temp_Cube.swift in Sources */,
				9FF2F86C26598BCF004CE198 /* RenderView.swift in Sources */,
				9FF2F8802659D776004CE198 /* CubeFace.swift in Sources */,
			);
			runOnlyForDeploymentPostprocessing = 0;
		};
/* End PBXSourcesBuildPhase section */

/* Begin XCBuildConfiguration section */
		9F6814D92644BFA200A7086E /* Debug */ = {
			isa = XCBuildConfiguration;
			buildSettings = {
				ALWAYS_SEARCH_USER_PATHS = NO;
				CLANG_ANALYZER_NONNULL = YES;
				CLANG_ANALYZER_NUMBER_OBJECT_CONVERSION = YES_AGGRESSIVE;
				CLANG_CXX_LANGUAGE_STANDARD = "gnu++14";
				CLANG_CXX_LIBRARY = "libc++";
				CLANG_ENABLE_MODULES = YES;
				CLANG_ENABLE_OBJC_ARC = YES;
				CLANG_ENABLE_OBJC_WEAK = YES;
				CLANG_WARN_BLOCK_CAPTURE_AUTORELEASING = YES;
				CLANG_WARN_BOOL_CONVERSION = YES;
				CLANG_WARN_COMMA = YES;
				CLANG_WARN_CONSTANT_CONVERSION = YES;
				CLANG_WARN_DEPRECATED_OBJC_IMPLEMENTATIONS = YES;
				CLANG_WARN_DIRECT_OBJC_ISA_USAGE = YES_ERROR;
				CLANG_WARN_DOCUMENTATION_COMMENTS = YES;
				CLANG_WARN_EMPTY_BODY = YES;
				CLANG_WARN_ENUM_CONVERSION = YES;
				CLANG_WARN_INFINITE_RECURSION = YES;
				CLANG_WARN_INT_CONVERSION = YES;
				CLANG_WARN_NON_LITERAL_NULL_CONVERSION = YES;
				CLANG_WARN_OBJC_IMPLICIT_RETAIN_SELF = YES;
				CLANG_WARN_OBJC_LITERAL_CONVERSION = YES;
				CLANG_WARN_OBJC_ROOT_CLASS = YES_ERROR;
				CLANG_WARN_QUOTED_INCLUDE_IN_FRAMEWORK_HEADER = YES;
				CLANG_WARN_RANGE_LOOP_ANALYSIS = YES;
				CLANG_WARN_STRICT_PROTOTYPES = YES;
				CLANG_WARN_SUSPICIOUS_MOVE = YES;
				CLANG_WARN_UNGUARDED_AVAILABILITY = YES_AGGRESSIVE;
				CLANG_WARN_UNREACHABLE_CODE = YES;
				CLANG_WARN__DUPLICATE_METHOD_MATCH = YES;
				COPY_PHASE_STRIP = NO;
				DEBUG_INFORMATION_FORMAT = dwarf;
				ENABLE_STRICT_OBJC_MSGSEND = YES;
				ENABLE_TESTABILITY = YES;
				GCC_C_LANGUAGE_STANDARD = gnu11;
				GCC_DYNAMIC_NO_PIC = NO;
				GCC_NO_COMMON_BLOCKS = YES;
				GCC_OPTIMIZATION_LEVEL = 0;
				GCC_PREPROCESSOR_DEFINITIONS = (
					"DEBUG=1",
					"$(inherited)",
				);
				GCC_WARN_64_TO_32_BIT_CONVERSION = YES;
				GCC_WARN_ABOUT_RETURN_TYPE = YES_ERROR;
				GCC_WARN_UNDECLARED_SELECTOR = YES;
				GCC_WARN_UNINITIALIZED_AUTOS = YES_AGGRESSIVE;
				GCC_WARN_UNUSED_FUNCTION = YES;
				GCC_WARN_UNUSED_VARIABLE = YES;
				MACOSX_DEPLOYMENT_TARGET = 11.1;
				MTL_ENABLE_DEBUG_INFO = INCLUDE_SOURCE;
				MTL_FAST_MATH = YES;
				ONLY_ACTIVE_ARCH = YES;
				SDKROOT = macosx;
				SWIFT_ACTIVE_COMPILATION_CONDITIONS = DEBUG;
				SWIFT_OPTIMIZATION_LEVEL = "-Onone";
			};
			name = Debug;
		};
		9F6814DA2644BFA200A7086E /* Release */ = {
			isa = XCBuildConfiguration;
			buildSettings = {
				ALWAYS_SEARCH_USER_PATHS = NO;
				CLANG_ANALYZER_NONNULL = YES;
				CLANG_ANALYZER_NUMBER_OBJECT_CONVERSION = YES_AGGRESSIVE;
				CLANG_CXX_LANGUAGE_STANDARD = "gnu++14";
				CLANG_CXX_LIBRARY = "libc++";
				CLANG_ENABLE_MODULES = YES;
				CLANG_ENABLE_OBJC_ARC = YES;
				CLANG_ENABLE_OBJC_WEAK = YES;
				CLANG_WARN_BLOCK_CAPTURE_AUTORELEASING = YES;
				CLANG_WARN_BOOL_CONVERSION = YES;
				CLANG_WARN_COMMA = YES;
				CLANG_WARN_CONSTANT_CONVERSION = YES;
				CLANG_WARN_DEPRECATED_OBJC_IMPLEMENTATIONS = YES;
				CLANG_WARN_DIRECT_OBJC_ISA_USAGE = YES_ERROR;
				CLANG_WARN_DOCUMENTATION_COMMENTS = YES;
				CLANG_WARN_EMPTY_BODY = YES;
				CLANG_WARN_ENUM_CONVERSION = YES;
				CLANG_WARN_INFINITE_RECURSION = YES;
				CLANG_WARN_INT_CONVERSION = YES;
				CLANG_WARN_NON_LITERAL_NULL_CONVERSION = YES;
				CLANG_WARN_OBJC_IMPLICIT_RETAIN_SELF = YES;
				CLANG_WARN_OBJC_LITERAL_CONVERSION = YES;
				CLANG_WARN_OBJC_ROOT_CLASS = YES_ERROR;
				CLANG_WARN_QUOTED_INCLUDE_IN_FRAMEWORK_HEADER = YES;
				CLANG_WARN_RANGE_LOOP_ANALYSIS = YES;
				CLANG_WARN_STRICT_PROTOTYPES = YES;
				CLANG_WARN_SUSPICIOUS_MOVE = YES;
				CLANG_WARN_UNGUARDED_AVAILABILITY = YES_AGGRESSIVE;
				CLANG_WARN_UNREACHABLE_CODE = YES;
				CLANG_WARN__DUPLICATE_METHOD_MATCH = YES;
				COPY_PHASE_STRIP = NO;
				DEBUG_INFORMATION_FORMAT = "dwarf-with-dsym";
				ENABLE_NS_ASSERTIONS = NO;
				ENABLE_STRICT_OBJC_MSGSEND = YES;
				GCC_C_LANGUAGE_STANDARD = gnu11;
				GCC_NO_COMMON_BLOCKS = YES;
				GCC_WARN_64_TO_32_BIT_CONVERSION = YES;
				GCC_WARN_ABOUT_RETURN_TYPE = YES_ERROR;
				GCC_WARN_UNDECLARED_SELECTOR = YES;
				GCC_WARN_UNINITIALIZED_AUTOS = YES_AGGRESSIVE;
				GCC_WARN_UNUSED_FUNCTION = YES;
				GCC_WARN_UNUSED_VARIABLE = YES;
				MACOSX_DEPLOYMENT_TARGET = 11.1;
				MTL_ENABLE_DEBUG_INFO = NO;
				MTL_FAST_MATH = YES;
				SDKROOT = macosx;
				SWIFT_COMPILATION_MODE = wholemodule;
				SWIFT_OPTIMIZATION_LEVEL = "-O";
			};
			name = Release;
		};
		9F6814DC2644BFA200A7086E /* Debug */ = {
			isa = XCBuildConfiguration;
			buildSettings = {
				ASSETCATALOG_COMPILER_APPICON_NAME = AppIcon;
				ASSETCATALOG_COMPILER_GLOBAL_ACCENT_COLOR_NAME = AccentColor;
				CODE_SIGN_ENTITLEMENTS = "Scratch Client/Scratch_Client.entitlements";
				CODE_SIGN_STYLE = Automatic;
				COMBINE_HIDPI_IMAGES = YES;
				DEVELOPMENT_ASSET_PATHS = "\"Scratch Client/Preview Content\"";
				ENABLE_PREVIEWS = YES;
				INFOPLIST_FILE = "Scratch Client/Info.plist";
				LD_RUNPATH_SEARCH_PATHS = (
					"$(inherited)",
					"@executable_path/../Frameworks",
				);
				MACOSX_DEPLOYMENT_TARGET = 11.0;
				PRODUCT_BUNDLE_IDENTIFIER = "com.thegail.Scratch-Client";
				PRODUCT_NAME = "$(TARGET_NAME)";
				SWIFT_VERSION = 5.0;
			};
			name = Debug;
		};
		9F6814DD2644BFA200A7086E /* Release */ = {
			isa = XCBuildConfiguration;
			buildSettings = {
				ASSETCATALOG_COMPILER_APPICON_NAME = AppIcon;
				ASSETCATALOG_COMPILER_GLOBAL_ACCENT_COLOR_NAME = AccentColor;
				CODE_SIGN_ENTITLEMENTS = "Scratch Client/Scratch_Client.entitlements";
				CODE_SIGN_STYLE = Automatic;
				COMBINE_HIDPI_IMAGES = YES;
				DEVELOPMENT_ASSET_PATHS = "\"Scratch Client/Preview Content\"";
				ENABLE_PREVIEWS = YES;
				INFOPLIST_FILE = "Scratch Client/Info.plist";
				LD_RUNPATH_SEARCH_PATHS = (
					"$(inherited)",
					"@executable_path/../Frameworks",
				);
				MACOSX_DEPLOYMENT_TARGET = 11.0;
				PRODUCT_BUNDLE_IDENTIFIER = "com.thegail.Scratch-Client";
				PRODUCT_NAME = "$(TARGET_NAME)";
				SWIFT_VERSION = 5.0;
			};
			name = Release;
		};
/* End XCBuildConfiguration section */

/* Begin XCConfigurationList section */
		9F6814C62644BF9C00A7086E /* Build configuration list for PBXProject "Scratch Client" */ = {
			isa = XCConfigurationList;
			buildConfigurations = (
				9F6814D92644BFA200A7086E /* Debug */,
				9F6814DA2644BFA200A7086E /* Release */,
			);
			defaultConfigurationIsVisible = 0;
			defaultConfigurationName = Release;
		};
		9F6814DB2644BFA200A7086E /* Build configuration list for PBXNativeTarget "Scratch Client" */ = {
			isa = XCConfigurationList;
			buildConfigurations = (
				9F6814DC2644BFA200A7086E /* Debug */,
				9F6814DD2644BFA200A7086E /* Release */,
			);
			defaultConfigurationIsVisible = 0;
			defaultConfigurationName = Release;
		};
/* End XCConfigurationList section */
	};
	rootObject = 9F6814C32644BF9C00A7086E /* Project object */;
}
